// !$*UTF8*$!
{
	archiveVersion = 1;
	classes = {
	};
	objectVersion = 56;
	objects = {

/* Begin PBXBuildFile section */
		19703945C8A3DC8163F6B353 /* Pods_TaiwanArtion_TaiwanArtionUITests.framework in Frameworks */ = {isa = PBXBuildFile; fileRef = 567A74B0FD2EDE1289E97BCF /* Pods_TaiwanArtion_TaiwanArtionUITests.framework */; };
		312571B3EEECB9F7C5CD3B99 /* Pods_TaiwanArtionTests.framework in Frameworks */ = {isa = PBXBuildFile; fileRef = 014A2C7A7A3F85FF4D3CEE24 /* Pods_TaiwanArtionTests.framework */; };
		42CD7883526BCC1131AC1105 /* Pods_TaiwanArtion.framework in Frameworks */ = {isa = PBXBuildFile; fileRef = E6DB367E68EBB1EC1988766A /* Pods_TaiwanArtion.framework */; };
		976A030A2A0E790B00424ACF /* UserManager.swift in Sources */ = {isa = PBXBuildFile; fileRef = 976A03092A0E790B00424ACF /* UserManager.swift */; };
		976A030C2A0E87A800424ACF /* HomeView.swift in Sources */ = {isa = PBXBuildFile; fileRef = 976A030B2A0E87A800424ACF /* HomeView.swift */; };
		976A03102A0E88B500424ACF /* MonthCollectionViewCell.swift in Sources */ = {isa = PBXBuildFile; fileRef = 976A030F2A0E88B500424ACF /* MonthCollectionViewCell.swift */; };
		976A03122A0E8AFA00424ACF /* HotHxhibitionTableViewCell.swift in Sources */ = {isa = PBXBuildFile; fileRef = 976A03112A0E8AFA00424ACF /* HotHxhibitionTableViewCell.swift */; };
		976A03142A0E8B2200424ACF /* NewsTableViewCell.swift in Sources */ = {isa = PBXBuildFile; fileRef = 976A03132A0E8B2200424ACF /* NewsTableViewCell.swift */; };
		976A03182A0E8B7700424ACF /* AllExhibitionTableViewCell.swift in Sources */ = {isa = PBXBuildFile; fileRef = 976A03172A0E8B7700424ACF /* AllExhibitionTableViewCell.swift */; };
		976A031A2A0E8CAD00424ACF /* NearViewController.swift in Sources */ = {isa = PBXBuildFile; fileRef = 976A03192A0E8CAD00424ACF /* NearViewController.swift */; };
		976A031C2A0E8CBE00424ACF /* CollectionViewController.swift in Sources */ = {isa = PBXBuildFile; fileRef = 976A031B2A0E8CBE00424ACF /* CollectionViewController.swift */; };
		976A031E2A0E8CCC00424ACF /* CalendarViewController.swift in Sources */ = {isa = PBXBuildFile; fileRef = 976A031D2A0E8CCC00424ACF /* CalendarViewController.swift */; };
		976A03202A0E8CE300424ACF /* PersonalFileViewController.swift in Sources */ = {isa = PBXBuildFile; fileRef = 976A031F2A0E8CE300424ACF /* PersonalFileViewController.swift */; };
		976A03222A0E8DDF00424ACF /* HomeViewController.swift in Sources */ = {isa = PBXBuildFile; fileRef = 976A03212A0E8DDF00424ACF /* HomeViewController.swift */; };
		976A03242A147C6700424ACF /* HomeHabbyCollectionViewCell.swift in Sources */ = {isa = PBXBuildFile; fileRef = 976A03232A147C6700424ACF /* HomeHabbyCollectionViewCell.swift */; };
		976A03262A15054300424ACF /* MonthTableViewCell.swift in Sources */ = {isa = PBXBuildFile; fileRef = 976A03252A15054300424ACF /* MonthTableViewCell.swift */; };
		976A03282A15055900424ACF /* HabbyTableViewCell.swift in Sources */ = {isa = PBXBuildFile; fileRef = 976A03272A15055900424ACF /* HabbyTableViewCell.swift */; };
		976A032A2A15C2D800424ACF /* HotDetailTableViewCell.swift in Sources */ = {isa = PBXBuildFile; fileRef = 976A03292A15C2D800424ACF /* HotDetailTableViewCell.swift */; };
		976A032C2A15CD1700424ACF /* HomeViewModel.swift in Sources */ = {isa = PBXBuildFile; fileRef = 976A032B2A15CD1700424ACF /* HomeViewModel.swift */; };
		976A032F2A15CE3500424ACF /* Model.swift in Sources */ = {isa = PBXBuildFile; fileRef = 976A032E2A15CE3500424ACF /* Model.swift */; };
		976A03312A15D86800424ACF /* MainPhotosTableViewCell.swift in Sources */ = {isa = PBXBuildFile; fileRef = 976A03302A15D86800424ACF /* MainPhotosTableViewCell.swift */; };
		976A03332A15D9A200424ACF /* MainPhotosCollectionViewCell.swift in Sources */ = {isa = PBXBuildFile; fileRef = 976A03322A15D9A200424ACF /* MainPhotosCollectionViewCell.swift */; };
		97D669F62A0C6C3600A25935 /* AppDelegate.swift in Sources */ = {isa = PBXBuildFile; fileRef = 97D669F52A0C6C3600A25935 /* AppDelegate.swift */; };
		97D669F82A0C6C3600A25935 /* SceneDelegate.swift in Sources */ = {isa = PBXBuildFile; fileRef = 97D669F72A0C6C3600A25935 /* SceneDelegate.swift */; };
		97D669FA2A0C6C3600A25935 /* RootViewController.swift in Sources */ = {isa = PBXBuildFile; fileRef = 97D669F92A0C6C3600A25935 /* RootViewController.swift */; };
		97D669FF2A0C6C3700A25935 /* Assets.xcassets in Resources */ = {isa = PBXBuildFile; fileRef = 97D669FE2A0C6C3700A25935 /* Assets.xcassets */; };
		97D66A022A0C6C3700A25935 /* LaunchScreen.storyboard in Resources */ = {isa = PBXBuildFile; fileRef = 97D66A002A0C6C3700A25935 /* LaunchScreen.storyboard */; };
		97D66A0D2A0C6C3800A25935 /* TaiwanArtionTests.swift in Sources */ = {isa = PBXBuildFile; fileRef = 97D66A0C2A0C6C3800A25935 /* TaiwanArtionTests.swift */; };
		97D66A172A0C6C3800A25935 /* TaiwanArtionUITests.swift in Sources */ = {isa = PBXBuildFile; fileRef = 97D66A162A0C6C3800A25935 /* TaiwanArtionUITests.swift */; };
		97D66A192A0C6C3800A25935 /* TaiwanArtionUITestsLaunchTests.swift in Sources */ = {isa = PBXBuildFile; fileRef = 97D66A182A0C6C3800A25935 /* TaiwanArtionUITestsLaunchTests.swift */; };
		97D66A262A0C723800A25935 /* SplashViewController.swift in Sources */ = {isa = PBXBuildFile; fileRef = 97D66A252A0C723800A25935 /* SplashViewController.swift */; };
		97D66A282A0C724F00A25935 /* SplashView.swift in Sources */ = {isa = PBXBuildFile; fileRef = 97D66A272A0C724F00A25935 /* SplashView.swift */; };
		97D66A2A2A0C729400A25935 /* UIView.swift in Sources */ = {isa = PBXBuildFile; fileRef = 97D66A292A0C729400A25935 /* UIView.swift */; };
		97D66A2D2A0C730A00A25935 /* UIColor.swift in Sources */ = {isa = PBXBuildFile; fileRef = 97D66A2C2A0C730A00A25935 /* UIColor.swift */; };
		97D66A2F2A0C770700A25935 /* StartView.swift in Sources */ = {isa = PBXBuildFile; fileRef = 97D66A2E2A0C770700A25935 /* StartView.swift */; };
		97D66A312A0CD45F00A25935 /* SkipView.swift in Sources */ = {isa = PBXBuildFile; fileRef = 97D66A302A0CD45F00A25935 /* SkipView.swift */; };
		97D66A352A0CF13700A25935 /* CountdownTimer.swift in Sources */ = {isa = PBXBuildFile; fileRef = 97D66A342A0CF13700A25935 /* CountdownTimer.swift */; };
		97D66A372A0DD27900A25935 /* HabbyCollectionViewCell.swift in Sources */ = {isa = PBXBuildFile; fileRef = 97D66A362A0DD27900A25935 /* HabbyCollectionViewCell.swift */; };
		97D66A3B2A0DE20000A25935 /* SplashViewModel.swift in Sources */ = {isa = PBXBuildFile; fileRef = 97D66A3A2A0DE20000A25935 /* SplashViewModel.swift */; };
/* End PBXBuildFile section */

/* Begin PBXContainerItemProxy section */
		97D66A092A0C6C3800A25935 /* PBXContainerItemProxy */ = {
			isa = PBXContainerItemProxy;
			containerPortal = 97D669EA2A0C6C3600A25935 /* Project object */;
			proxyType = 1;
			remoteGlobalIDString = 97D669F12A0C6C3600A25935;
			remoteInfo = TaiwanArtion;
		};
		97D66A132A0C6C3800A25935 /* PBXContainerItemProxy */ = {
			isa = PBXContainerItemProxy;
			containerPortal = 97D669EA2A0C6C3600A25935 /* Project object */;
			proxyType = 1;
			remoteGlobalIDString = 97D669F12A0C6C3600A25935;
			remoteInfo = TaiwanArtion;
		};
/* End PBXContainerItemProxy section */

/* Begin PBXFileReference section */
		014A2C7A7A3F85FF4D3CEE24 /* Pods_TaiwanArtionTests.framework */ = {isa = PBXFileReference; explicitFileType = wrapper.framework; includeInIndex = 0; path = Pods_TaiwanArtionTests.framework; sourceTree = BUILT_PRODUCTS_DIR; };
		14682FC619A78F88E1CEEC95 /* Pods-TaiwanArtionTests.debug.xcconfig */ = {isa = PBXFileReference; includeInIndex = 1; lastKnownFileType = text.xcconfig; name = "Pods-TaiwanArtionTests.debug.xcconfig"; path = "Target Support Files/Pods-TaiwanArtionTests/Pods-TaiwanArtionTests.debug.xcconfig"; sourceTree = "<group>"; };
		32DB8B2332C019BA38D5F558 /* Pods-TaiwanArtionTests.release.xcconfig */ = {isa = PBXFileReference; includeInIndex = 1; lastKnownFileType = text.xcconfig; name = "Pods-TaiwanArtionTests.release.xcconfig"; path = "Target Support Files/Pods-TaiwanArtionTests/Pods-TaiwanArtionTests.release.xcconfig"; sourceTree = "<group>"; };
		567A74B0FD2EDE1289E97BCF /* Pods_TaiwanArtion_TaiwanArtionUITests.framework */ = {isa = PBXFileReference; explicitFileType = wrapper.framework; includeInIndex = 0; path = Pods_TaiwanArtion_TaiwanArtionUITests.framework; sourceTree = BUILT_PRODUCTS_DIR; };
		6CDA925BDC580285C3F0BA4C /* Pods-TaiwanArtion-TaiwanArtionUITests.debug.xcconfig */ = {isa = PBXFileReference; includeInIndex = 1; lastKnownFileType = text.xcconfig; name = "Pods-TaiwanArtion-TaiwanArtionUITests.debug.xcconfig"; path = "Target Support Files/Pods-TaiwanArtion-TaiwanArtionUITests/Pods-TaiwanArtion-TaiwanArtionUITests.debug.xcconfig"; sourceTree = "<group>"; };
		976A03092A0E790B00424ACF /* UserManager.swift */ = {isa = PBXFileReference; lastKnownFileType = sourcecode.swift; path = UserManager.swift; sourceTree = "<group>"; };
		976A030B2A0E87A800424ACF /* HomeView.swift */ = {isa = PBXFileReference; lastKnownFileType = sourcecode.swift; path = HomeView.swift; sourceTree = "<group>"; };
		976A030F2A0E88B500424ACF /* MonthCollectionViewCell.swift */ = {isa = PBXFileReference; lastKnownFileType = sourcecode.swift; path = MonthCollectionViewCell.swift; sourceTree = "<group>"; };
		976A03112A0E8AFA00424ACF /* HotHxhibitionTableViewCell.swift */ = {isa = PBXFileReference; lastKnownFileType = sourcecode.swift; path = HotHxhibitionTableViewCell.swift; sourceTree = "<group>"; };
		976A03132A0E8B2200424ACF /* NewsTableViewCell.swift */ = {isa = PBXFileReference; fileEncoding = 4; lastKnownFileType = sourcecode.swift; path = NewsTableViewCell.swift; sourceTree = SOURCE_ROOT; };
		976A03172A0E8B7700424ACF /* AllExhibitionTableViewCell.swift */ = {isa = PBXFileReference; lastKnownFileType = sourcecode.swift; path = AllExhibitionTableViewCell.swift; sourceTree = "<group>"; };
		976A03192A0E8CAD00424ACF /* NearViewController.swift */ = {isa = PBXFileReference; lastKnownFileType = sourcecode.swift; path = NearViewController.swift; sourceTree = "<group>"; };
		976A031B2A0E8CBE00424ACF /* CollectionViewController.swift */ = {isa = PBXFileReference; lastKnownFileType = sourcecode.swift; path = CollectionViewController.swift; sourceTree = "<group>"; };
		976A031D2A0E8CCC00424ACF /* CalendarViewController.swift */ = {isa = PBXFileReference; lastKnownFileType = sourcecode.swift; path = CalendarViewController.swift; sourceTree = "<group>"; };
		976A031F2A0E8CE300424ACF /* PersonalFileViewController.swift */ = {isa = PBXFileReference; lastKnownFileType = sourcecode.swift; path = PersonalFileViewController.swift; sourceTree = "<group>"; };
		976A03212A0E8DDF00424ACF /* HomeViewController.swift */ = {isa = PBXFileReference; lastKnownFileType = sourcecode.swift; path = HomeViewController.swift; sourceTree = "<group>"; };
		976A03232A147C6700424ACF /* HomeHabbyCollectionViewCell.swift */ = {isa = PBXFileReference; lastKnownFileType = sourcecode.swift; path = HomeHabbyCollectionViewCell.swift; sourceTree = "<group>"; };
		976A03252A15054300424ACF /* MonthTableViewCell.swift */ = {isa = PBXFileReference; lastKnownFileType = sourcecode.swift; path = MonthTableViewCell.swift; sourceTree = "<group>"; };
		976A03272A15055900424ACF /* HabbyTableViewCell.swift */ = {isa = PBXFileReference; lastKnownFileType = sourcecode.swift; path = HabbyTableViewCell.swift; sourceTree = "<group>"; };
		976A03292A15C2D800424ACF /* HotDetailTableViewCell.swift */ = {isa = PBXFileReference; lastKnownFileType = sourcecode.swift; path = HotDetailTableViewCell.swift; sourceTree = "<group>"; };
		976A032B2A15CD1700424ACF /* HomeViewModel.swift */ = {isa = PBXFileReference; lastKnownFileType = sourcecode.swift; path = HomeViewModel.swift; sourceTree = "<group>"; };
		976A032E2A15CE3500424ACF /* Model.swift */ = {isa = PBXFileReference; lastKnownFileType = sourcecode.swift; path = Model.swift; sourceTree = "<group>"; };
		976A03302A15D86800424ACF /* MainPhotosTableViewCell.swift */ = {isa = PBXFileReference; lastKnownFileType = sourcecode.swift; path = MainPhotosTableViewCell.swift; sourceTree = "<group>"; };
		976A03322A15D9A200424ACF /* MainPhotosCollectionViewCell.swift */ = {isa = PBXFileReference; lastKnownFileType = sourcecode.swift; path = MainPhotosCollectionViewCell.swift; sourceTree = "<group>"; };
		97D669F22A0C6C3600A25935 /* TaiwanArtion.app */ = {isa = PBXFileReference; explicitFileType = wrapper.application; includeInIndex = 0; path = TaiwanArtion.app; sourceTree = BUILT_PRODUCTS_DIR; };
		97D669F52A0C6C3600A25935 /* AppDelegate.swift */ = {isa = PBXFileReference; lastKnownFileType = sourcecode.swift; path = AppDelegate.swift; sourceTree = "<group>"; };
		97D669F72A0C6C3600A25935 /* SceneDelegate.swift */ = {isa = PBXFileReference; lastKnownFileType = sourcecode.swift; path = SceneDelegate.swift; sourceTree = "<group>"; };
		97D669F92A0C6C3600A25935 /* RootViewController.swift */ = {isa = PBXFileReference; lastKnownFileType = sourcecode.swift; path = RootViewController.swift; sourceTree = "<group>"; };
		97D669FE2A0C6C3700A25935 /* Assets.xcassets */ = {isa = PBXFileReference; lastKnownFileType = folder.assetcatalog; path = Assets.xcassets; sourceTree = "<group>"; };
		97D66A012A0C6C3700A25935 /* Base */ = {isa = PBXFileReference; lastKnownFileType = file.storyboard; name = Base; path = Base.lproj/LaunchScreen.storyboard; sourceTree = "<group>"; };
		97D66A032A0C6C3700A25935 /* Info.plist */ = {isa = PBXFileReference; lastKnownFileType = text.plist.xml; path = Info.plist; sourceTree = "<group>"; };
		97D66A082A0C6C3800A25935 /* TaiwanArtionTests.xctest */ = {isa = PBXFileReference; explicitFileType = wrapper.cfbundle; includeInIndex = 0; path = TaiwanArtionTests.xctest; sourceTree = BUILT_PRODUCTS_DIR; };
		97D66A0C2A0C6C3800A25935 /* TaiwanArtionTests.swift */ = {isa = PBXFileReference; lastKnownFileType = sourcecode.swift; path = TaiwanArtionTests.swift; sourceTree = "<group>"; };
		97D66A122A0C6C3800A25935 /* TaiwanArtionUITests.xctest */ = {isa = PBXFileReference; explicitFileType = wrapper.cfbundle; includeInIndex = 0; path = TaiwanArtionUITests.xctest; sourceTree = BUILT_PRODUCTS_DIR; };
		97D66A162A0C6C3800A25935 /* TaiwanArtionUITests.swift */ = {isa = PBXFileReference; lastKnownFileType = sourcecode.swift; path = TaiwanArtionUITests.swift; sourceTree = "<group>"; };
		97D66A182A0C6C3800A25935 /* TaiwanArtionUITestsLaunchTests.swift */ = {isa = PBXFileReference; lastKnownFileType = sourcecode.swift; path = TaiwanArtionUITestsLaunchTests.swift; sourceTree = "<group>"; };
		97D66A252A0C723800A25935 /* SplashViewController.swift */ = {isa = PBXFileReference; lastKnownFileType = sourcecode.swift; path = SplashViewController.swift; sourceTree = "<group>"; };
		97D66A272A0C724F00A25935 /* SplashView.swift */ = {isa = PBXFileReference; lastKnownFileType = sourcecode.swift; path = SplashView.swift; sourceTree = "<group>"; };
		97D66A292A0C729400A25935 /* UIView.swift */ = {isa = PBXFileReference; lastKnownFileType = sourcecode.swift; path = UIView.swift; sourceTree = "<group>"; };
		97D66A2C2A0C730A00A25935 /* UIColor.swift */ = {isa = PBXFileReference; lastKnownFileType = sourcecode.swift; path = UIColor.swift; sourceTree = "<group>"; };
		97D66A2E2A0C770700A25935 /* StartView.swift */ = {isa = PBXFileReference; lastKnownFileType = sourcecode.swift; path = StartView.swift; sourceTree = "<group>"; };
		97D66A302A0CD45F00A25935 /* SkipView.swift */ = {isa = PBXFileReference; lastKnownFileType = sourcecode.swift; path = SkipView.swift; sourceTree = "<group>"; };
		97D66A342A0CF13700A25935 /* CountdownTimer.swift */ = {isa = PBXFileReference; lastKnownFileType = sourcecode.swift; path = CountdownTimer.swift; sourceTree = "<group>"; };
		97D66A362A0DD27900A25935 /* HabbyCollectionViewCell.swift */ = {isa = PBXFileReference; lastKnownFileType = sourcecode.swift; path = HabbyCollectionViewCell.swift; sourceTree = "<group>"; };
		97D66A3A2A0DE20000A25935 /* SplashViewModel.swift */ = {isa = PBXFileReference; lastKnownFileType = sourcecode.swift; path = SplashViewModel.swift; sourceTree = "<group>"; };
		C08E8E419B4D485FD3769595 /* Pods-TaiwanArtion.release.xcconfig */ = {isa = PBXFileReference; includeInIndex = 1; lastKnownFileType = text.xcconfig; name = "Pods-TaiwanArtion.release.xcconfig"; path = "Target Support Files/Pods-TaiwanArtion/Pods-TaiwanArtion.release.xcconfig"; sourceTree = "<group>"; };
		C44A9F25A18373C8BF9B8EA9 /* Pods-TaiwanArtion-TaiwanArtionUITests.release.xcconfig */ = {isa = PBXFileReference; includeInIndex = 1; lastKnownFileType = text.xcconfig; name = "Pods-TaiwanArtion-TaiwanArtionUITests.release.xcconfig"; path = "Target Support Files/Pods-TaiwanArtion-TaiwanArtionUITests/Pods-TaiwanArtion-TaiwanArtionUITests.release.xcconfig"; sourceTree = "<group>"; };
		CB247D84AA40C78F18BC6E21 /* Pods-TaiwanArtion.debug.xcconfig */ = {isa = PBXFileReference; includeInIndex = 1; lastKnownFileType = text.xcconfig; name = "Pods-TaiwanArtion.debug.xcconfig"; path = "Target Support Files/Pods-TaiwanArtion/Pods-TaiwanArtion.debug.xcconfig"; sourceTree = "<group>"; };
		E6DB367E68EBB1EC1988766A /* Pods_TaiwanArtion.framework */ = {isa = PBXFileReference; explicitFileType = wrapper.framework; includeInIndex = 0; path = Pods_TaiwanArtion.framework; sourceTree = BUILT_PRODUCTS_DIR; };
/* End PBXFileReference section */

/* Begin PBXFrameworksBuildPhase section */
		97D669EF2A0C6C3600A25935 /* Frameworks */ = {
			isa = PBXFrameworksBuildPhase;
			buildActionMask = 2147483647;
			files = (
				42CD7883526BCC1131AC1105 /* Pods_TaiwanArtion.framework in Frameworks */,
			);
			runOnlyForDeploymentPostprocessing = 0;
		};
		97D66A052A0C6C3800A25935 /* Frameworks */ = {
			isa = PBXFrameworksBuildPhase;
			buildActionMask = 2147483647;
			files = (
				312571B3EEECB9F7C5CD3B99 /* Pods_TaiwanArtionTests.framework in Frameworks */,
			);
			runOnlyForDeploymentPostprocessing = 0;
		};
		97D66A0F2A0C6C3800A25935 /* Frameworks */ = {
			isa = PBXFrameworksBuildPhase;
			buildActionMask = 2147483647;
			files = (
				19703945C8A3DC8163F6B353 /* Pods_TaiwanArtion_TaiwanArtionUITests.framework in Frameworks */,
			);
			runOnlyForDeploymentPostprocessing = 0;
		};
/* End PBXFrameworksBuildPhase section */

/* Begin PBXGroup section */
		42D2A900F387B96FEC85A743 /* Frameworks */ = {
			isa = PBXGroup;
			children = (
				E6DB367E68EBB1EC1988766A /* Pods_TaiwanArtion.framework */,
				567A74B0FD2EDE1289E97BCF /* Pods_TaiwanArtion_TaiwanArtionUITests.framework */,
				014A2C7A7A3F85FF4D3CEE24 /* Pods_TaiwanArtionTests.framework */,
			);
			name = Frameworks;
			sourceTree = "<group>";
		};
		976A030D2A0E882F00424ACF /* CollectionViewCell */ = {
			isa = PBXGroup;
			children = (
				97D66A362A0DD27900A25935 /* HabbyCollectionViewCell.swift */,
				976A030F2A0E88B500424ACF /* MonthCollectionViewCell.swift */,
				976A03232A147C6700424ACF /* HomeHabbyCollectionViewCell.swift */,
				976A03322A15D9A200424ACF /* MainPhotosCollectionViewCell.swift */,
			);
			path = CollectionViewCell;
			sourceTree = "<group>";
		};
		976A030E2A0E886800424ACF /* TableViewCell */ = {
			isa = PBXGroup;
			children = (
				976A03132A0E8B2200424ACF /* NewsTableViewCell.swift */,
				976A03112A0E8AFA00424ACF /* HotHxhibitionTableViewCell.swift */,
				976A03252A15054300424ACF /* MonthTableViewCell.swift */,
				976A03292A15C2D800424ACF /* HotDetailTableViewCell.swift */,
				976A03272A15055900424ACF /* HabbyTableViewCell.swift */,
				976A03172A0E8B7700424ACF /* AllExhibitionTableViewCell.swift */,
				976A03302A15D86800424ACF /* MainPhotosTableViewCell.swift */,
			);
			path = TableViewCell;
			sourceTree = "<group>";
		};
		976A032D2A15CE2C00424ACF /* Model */ = {
			isa = PBXGroup;
			children = (
				976A032E2A15CE3500424ACF /* Model.swift */,
			);
			path = Model;
			sourceTree = "<group>";
		};
		97D669E92A0C6C3600A25935 = {
			isa = PBXGroup;
			children = (
				97D669F42A0C6C3600A25935 /* TaiwanArtion */,
				97D66A0B2A0C6C3800A25935 /* TaiwanArtionTests */,
				97D66A152A0C6C3800A25935 /* TaiwanArtionUITests */,
				97D669F32A0C6C3600A25935 /* Products */,
				F7DDB3605FD1ABAC38323100 /* Pods */,
				42D2A900F387B96FEC85A743 /* Frameworks */,
			);
			sourceTree = "<group>";
		};
		97D669F32A0C6C3600A25935 /* Products */ = {
			isa = PBXGroup;
			children = (
				97D669F22A0C6C3600A25935 /* TaiwanArtion.app */,
				97D66A082A0C6C3800A25935 /* TaiwanArtionTests.xctest */,
				97D66A122A0C6C3800A25935 /* TaiwanArtionUITests.xctest */,
			);
			name = Products;
			sourceTree = "<group>";
		};
		97D669F42A0C6C3600A25935 /* TaiwanArtion */ = {
			isa = PBXGroup;
			children = (
				97D669F52A0C6C3600A25935 /* AppDelegate.swift */,
				97D669F72A0C6C3600A25935 /* SceneDelegate.swift */,
				976A03092A0E790B00424ACF /* UserManager.swift */,
				976A032D2A15CE2C00424ACF /* Model */,
				976A030E2A0E886800424ACF /* TableViewCell */,
				976A030D2A0E882F00424ACF /* CollectionViewCell */,
				97D66A3C2A0DE23400A25935 /* ViewModel */,
				97D66A332A0CF11800A25935 /* View */,
				97D66A322A0CF0E300A25935 /* ViewController */,
				97D66A2B2A0C72A300A25935 /* Extension */,
				97D669FE2A0C6C3700A25935 /* Assets.xcassets */,
				97D66A002A0C6C3700A25935 /* LaunchScreen.storyboard */,
				97D66A032A0C6C3700A25935 /* Info.plist */,
			);
			path = TaiwanArtion;
			sourceTree = "<group>";
		};
		97D66A0B2A0C6C3800A25935 /* TaiwanArtionTests */ = {
			isa = PBXGroup;
			children = (
				97D66A0C2A0C6C3800A25935 /* TaiwanArtionTests.swift */,
			);
			path = TaiwanArtionTests;
			sourceTree = "<group>";
		};
		97D66A152A0C6C3800A25935 /* TaiwanArtionUITests */ = {
			isa = PBXGroup;
			children = (
				97D66A162A0C6C3800A25935 /* TaiwanArtionUITests.swift */,
				97D66A182A0C6C3800A25935 /* TaiwanArtionUITestsLaunchTests.swift */,
			);
			path = TaiwanArtionUITests;
			sourceTree = "<group>";
		};
		97D66A2B2A0C72A300A25935 /* Extension */ = {
			isa = PBXGroup;
			children = (
				97D66A292A0C729400A25935 /* UIView.swift */,
				97D66A2C2A0C730A00A25935 /* UIColor.swift */,
			);
			path = Extension;
			sourceTree = "<group>";
		};
		97D66A322A0CF0E300A25935 /* ViewController */ = {
			isa = PBXGroup;
			children = (
				97D669F92A0C6C3600A25935 /* RootViewController.swift */,
				976A03212A0E8DDF00424ACF /* HomeViewController.swift */,
				97D66A252A0C723800A25935 /* SplashViewController.swift */,
				976A03192A0E8CAD00424ACF /* NearViewController.swift */,
				976A031B2A0E8CBE00424ACF /* CollectionViewController.swift */,
				976A031D2A0E8CCC00424ACF /* CalendarViewController.swift */,
				976A031F2A0E8CE300424ACF /* PersonalFileViewController.swift */,
			);
			path = ViewController;
			sourceTree = "<group>";
		};
		97D66A332A0CF11800A25935 /* View */ = {
			isa = PBXGroup;
			children = (
				97D66A302A0CD45F00A25935 /* SkipView.swift */,
				97D66A272A0C724F00A25935 /* SplashView.swift */,
				97D66A2E2A0C770700A25935 /* StartView.swift */,
				97D66A342A0CF13700A25935 /* CountdownTimer.swift */,
				976A030B2A0E87A800424ACF /* HomeView.swift */,
			);
			path = View;
			sourceTree = "<group>";
		};
		97D66A3C2A0DE23400A25935 /* ViewModel */ = {
			isa = PBXGroup;
			children = (
				97D66A3A2A0DE20000A25935 /* SplashViewModel.swift */,
				976A032B2A15CD1700424ACF /* HomeViewModel.swift */,
			);
			path = ViewModel;
			sourceTree = "<group>";
		};
		F7DDB3605FD1ABAC38323100 /* Pods */ = {
			isa = PBXGroup;
			children = (
				CB247D84AA40C78F18BC6E21 /* Pods-TaiwanArtion.debug.xcconfig */,
				C08E8E419B4D485FD3769595 /* Pods-TaiwanArtion.release.xcconfig */,
				6CDA925BDC580285C3F0BA4C /* Pods-TaiwanArtion-TaiwanArtionUITests.debug.xcconfig */,
				C44A9F25A18373C8BF9B8EA9 /* Pods-TaiwanArtion-TaiwanArtionUITests.release.xcconfig */,
				14682FC619A78F88E1CEEC95 /* Pods-TaiwanArtionTests.debug.xcconfig */,
				32DB8B2332C019BA38D5F558 /* Pods-TaiwanArtionTests.release.xcconfig */,
			);
			path = Pods;
			sourceTree = "<group>";
		};
/* End PBXGroup section */

/* Begin PBXNativeTarget section */
		97D669F12A0C6C3600A25935 /* TaiwanArtion */ = {
			isa = PBXNativeTarget;
			buildConfigurationList = 97D66A1C2A0C6C3800A25935 /* Build configuration list for PBXNativeTarget "TaiwanArtion" */;
			buildPhases = (
				432BB2DE2CA48590BED732A0 /* [CP] Check Pods Manifest.lock */,
				97D669EE2A0C6C3600A25935 /* Sources */,
				97D669EF2A0C6C3600A25935 /* Frameworks */,
				97D669F02A0C6C3600A25935 /* Resources */,
				948F4291F9ACE7F1609FBB82 /* [CP] Embed Pods Frameworks */,
			);
			buildRules = (
			);
			dependencies = (
			);
			name = TaiwanArtion;
			productName = TaiwanArtion;
			productReference = 97D669F22A0C6C3600A25935 /* TaiwanArtion.app */;
			productType = "com.apple.product-type.application";
		};
		97D66A072A0C6C3800A25935 /* TaiwanArtionTests */ = {
			isa = PBXNativeTarget;
			buildConfigurationList = 97D66A1F2A0C6C3800A25935 /* Build configuration list for PBXNativeTarget "TaiwanArtionTests" */;
			buildPhases = (
				0CF31D7D113CD34D28CC9A9A /* [CP] Check Pods Manifest.lock */,
				97D66A042A0C6C3800A25935 /* Sources */,
				97D66A052A0C6C3800A25935 /* Frameworks */,
				97D66A062A0C6C3800A25935 /* Resources */,
			);
			buildRules = (
			);
			dependencies = (
				97D66A0A2A0C6C3800A25935 /* PBXTargetDependency */,
			);
			name = TaiwanArtionTests;
			productName = TaiwanArtionTests;
			productReference = 97D66A082A0C6C3800A25935 /* TaiwanArtionTests.xctest */;
			productType = "com.apple.product-type.bundle.unit-test";
		};
		97D66A112A0C6C3800A25935 /* TaiwanArtionUITests */ = {
			isa = PBXNativeTarget;
			buildConfigurationList = 97D66A222A0C6C3800A25935 /* Build configuration list for PBXNativeTarget "TaiwanArtionUITests" */;
			buildPhases = (
				A7C85B872CB72A0AED84C7BB /* [CP] Check Pods Manifest.lock */,
				97D66A0E2A0C6C3800A25935 /* Sources */,
				97D66A0F2A0C6C3800A25935 /* Frameworks */,
				97D66A102A0C6C3800A25935 /* Resources */,
				2D55704CF796F28DED70D11E /* [CP] Embed Pods Frameworks */,
			);
			buildRules = (
			);
			dependencies = (
				97D66A142A0C6C3800A25935 /* PBXTargetDependency */,
			);
			name = TaiwanArtionUITests;
			productName = TaiwanArtionUITests;
			productReference = 97D66A122A0C6C3800A25935 /* TaiwanArtionUITests.xctest */;
			productType = "com.apple.product-type.bundle.ui-testing";
		};
/* End PBXNativeTarget section */

/* Begin PBXProject section */
		97D669EA2A0C6C3600A25935 /* Project object */ = {
			isa = PBXProject;
			attributes = {
				BuildIndependentTargetsInParallel = 1;
				LastSwiftUpdateCheck = 1420;
				LastUpgradeCheck = 1420;
				TargetAttributes = {
					97D669F12A0C6C3600A25935 = {
						CreatedOnToolsVersion = 14.2;
					};
					97D66A072A0C6C3800A25935 = {
						CreatedOnToolsVersion = 14.2;
						TestTargetID = 97D669F12A0C6C3600A25935;
					};
					97D66A112A0C6C3800A25935 = {
						CreatedOnToolsVersion = 14.2;
						TestTargetID = 97D669F12A0C6C3600A25935;
					};
				};
			};
			buildConfigurationList = 97D669ED2A0C6C3600A25935 /* Build configuration list for PBXProject "TaiwanArtion" */;
			compatibilityVersion = "Xcode 14.0";
			developmentRegion = en;
			hasScannedForEncodings = 0;
			knownRegions = (
				en,
				Base,
			);
			mainGroup = 97D669E92A0C6C3600A25935;
			productRefGroup = 97D669F32A0C6C3600A25935 /* Products */;
			projectDirPath = "";
			projectRoot = "";
			targets = (
				97D669F12A0C6C3600A25935 /* TaiwanArtion */,
				97D66A072A0C6C3800A25935 /* TaiwanArtionTests */,
				97D66A112A0C6C3800A25935 /* TaiwanArtionUITests */,
			);
		};
/* End PBXProject section */

/* Begin PBXResourcesBuildPhase section */
		97D669F02A0C6C3600A25935 /* Resources */ = {
			isa = PBXResourcesBuildPhase;
			buildActionMask = 2147483647;
			files = (
				97D66A022A0C6C3700A25935 /* LaunchScreen.storyboard in Resources */,
				97D669FF2A0C6C3700A25935 /* Assets.xcassets in Resources */,
			);
			runOnlyForDeploymentPostprocessing = 0;
		};
		97D66A062A0C6C3800A25935 /* Resources */ = {
			isa = PBXResourcesBuildPhase;
			buildActionMask = 2147483647;
			files = (
			);
			runOnlyForDeploymentPostprocessing = 0;
		};
		97D66A102A0C6C3800A25935 /* Resources */ = {
			isa = PBXResourcesBuildPhase;
			buildActionMask = 2147483647;
			files = (
			);
			runOnlyForDeploymentPostprocessing = 0;
		};
/* End PBXResourcesBuildPhase section */

/* Begin PBXShellScriptBuildPhase section */
		0CF31D7D113CD34D28CC9A9A /* [CP] Check Pods Manifest.lock */ = {
			isa = PBXShellScriptBuildPhase;
			buildActionMask = 2147483647;
			files = (
			);
			inputFileListPaths = (
			);
			inputPaths = (
				"${PODS_PODFILE_DIR_PATH}/Podfile.lock",
				"${PODS_ROOT}/Manifest.lock",
			);
			name = "[CP] Check Pods Manifest.lock";
			outputFileListPaths = (
			);
			outputPaths = (
				"$(DERIVED_FILE_DIR)/Pods-TaiwanArtionTests-checkManifestLockResult.txt",
			);
			runOnlyForDeploymentPostprocessing = 0;
			shellPath = /bin/sh;
			shellScript = "diff \"${PODS_PODFILE_DIR_PATH}/Podfile.lock\" \"${PODS_ROOT}/Manifest.lock\" > /dev/null\nif [ $? != 0 ] ; then\n    # print error to STDERR\n    echo \"error: The sandbox is not in sync with the Podfile.lock. Run 'pod install' or update your CocoaPods installation.\" >&2\n    exit 1\nfi\n# This output is used by Xcode 'outputs' to avoid re-running this script phase.\necho \"SUCCESS\" > \"${SCRIPT_OUTPUT_FILE_0}\"\n";
			showEnvVarsInLog = 0;
		};
		2D55704CF796F28DED70D11E /* [CP] Embed Pods Frameworks */ = {
			isa = PBXShellScriptBuildPhase;
			buildActionMask = 2147483647;
			files = (
			);
			inputFileListPaths = (
				"${PODS_ROOT}/Target Support Files/Pods-TaiwanArtion-TaiwanArtionUITests/Pods-TaiwanArtion-TaiwanArtionUITests-frameworks-${CONFIGURATION}-input-files.xcfilelist",
			);
			name = "[CP] Embed Pods Frameworks";
			outputFileListPaths = (
				"${PODS_ROOT}/Target Support Files/Pods-TaiwanArtion-TaiwanArtionUITests/Pods-TaiwanArtion-TaiwanArtionUITests-frameworks-${CONFIGURATION}-output-files.xcfilelist",
			);
			runOnlyForDeploymentPostprocessing = 0;
			shellPath = /bin/sh;
			shellScript = "\"${PODS_ROOT}/Target Support Files/Pods-TaiwanArtion-TaiwanArtionUITests/Pods-TaiwanArtion-TaiwanArtionUITests-frameworks.sh\"\n";
			showEnvVarsInLog = 0;
		};
		432BB2DE2CA48590BED732A0 /* [CP] Check Pods Manifest.lock */ = {
			isa = PBXShellScriptBuildPhase;
			buildActionMask = 2147483647;
			files = (
			);
			inputFileListPaths = (
			);
			inputPaths = (
				"${PODS_PODFILE_DIR_PATH}/Podfile.lock",
				"${PODS_ROOT}/Manifest.lock",
			);
			name = "[CP] Check Pods Manifest.lock";
			outputFileListPaths = (
			);
			outputPaths = (
				"$(DERIVED_FILE_DIR)/Pods-TaiwanArtion-checkManifestLockResult.txt",
			);
			runOnlyForDeploymentPostprocessing = 0;
			shellPath = /bin/sh;
			shellScript = "diff \"${PODS_PODFILE_DIR_PATH}/Podfile.lock\" \"${PODS_ROOT}/Manifest.lock\" > /dev/null\nif [ $? != 0 ] ; then\n    # print error to STDERR\n    echo \"error: The sandbox is not in sync with the Podfile.lock. Run 'pod install' or update your CocoaPods installation.\" >&2\n    exit 1\nfi\n# This output is used by Xcode 'outputs' to avoid re-running this script phase.\necho \"SUCCESS\" > \"${SCRIPT_OUTPUT_FILE_0}\"\n";
			showEnvVarsInLog = 0;
		};
		948F4291F9ACE7F1609FBB82 /* [CP] Embed Pods Frameworks */ = {
			isa = PBXShellScriptBuildPhase;
			buildActionMask = 2147483647;
			files = (
			);
			inputFileListPaths = (
				"${PODS_ROOT}/Target Support Files/Pods-TaiwanArtion/Pods-TaiwanArtion-frameworks-${CONFIGURATION}-input-files.xcfilelist",
			);
			name = "[CP] Embed Pods Frameworks";
			outputFileListPaths = (
				"${PODS_ROOT}/Target Support Files/Pods-TaiwanArtion/Pods-TaiwanArtion-frameworks-${CONFIGURATION}-output-files.xcfilelist",
			);
			runOnlyForDeploymentPostprocessing = 0;
			shellPath = /bin/sh;
			shellScript = "\"${PODS_ROOT}/Target Support Files/Pods-TaiwanArtion/Pods-TaiwanArtion-frameworks.sh\"\n";
			showEnvVarsInLog = 0;
		};
		A7C85B872CB72A0AED84C7BB /* [CP] Check Pods Manifest.lock */ = {
			isa = PBXShellScriptBuildPhase;
			buildActionMask = 2147483647;
			files = (
			);
			inputFileListPaths = (
			);
			inputPaths = (
				"${PODS_PODFILE_DIR_PATH}/Podfile.lock",
				"${PODS_ROOT}/Manifest.lock",
			);
			name = "[CP] Check Pods Manifest.lock";
			outputFileListPaths = (
			);
			outputPaths = (
				"$(DERIVED_FILE_DIR)/Pods-TaiwanArtion-TaiwanArtionUITests-checkManifestLockResult.txt",
			);
			runOnlyForDeploymentPostprocessing = 0;
			shellPath = /bin/sh;
			shellScript = "diff \"${PODS_PODFILE_DIR_PATH}/Podfile.lock\" \"${PODS_ROOT}/Manifest.lock\" > /dev/null\nif [ $? != 0 ] ; then\n    # print error to STDERR\n    echo \"error: The sandbox is not in sync with the Podfile.lock. Run 'pod install' or update your CocoaPods installation.\" >&2\n    exit 1\nfi\n# This output is used by Xcode 'outputs' to avoid re-running this script phase.\necho \"SUCCESS\" > \"${SCRIPT_OUTPUT_FILE_0}\"\n";
			showEnvVarsInLog = 0;
		};
/* End PBXShellScriptBuildPhase section */

/* Begin PBXSourcesBuildPhase section */
		97D669EE2A0C6C3600A25935 /* Sources */ = {
			isa = PBXSourcesBuildPhase;
			buildActionMask = 2147483647;
			files = (
				97D66A2A2A0C729400A25935 /* UIView.swift in Sources */,
				976A030C2A0E87A800424ACF /* HomeView.swift in Sources */,
				97D66A2F2A0C770700A25935 /* StartView.swift in Sources */,
				97D66A2D2A0C730A00A25935 /* UIColor.swift in Sources */,
				976A031C2A0E8CBE00424ACF /* CollectionViewController.swift in Sources */,
				976A030A2A0E790B00424ACF /* UserManager.swift in Sources */,
				976A03242A147C6700424ACF /* HomeHabbyCollectionViewCell.swift in Sources */,
				976A03222A0E8DDF00424ACF /* HomeViewController.swift in Sources */,
				97D66A3B2A0DE20000A25935 /* SplashViewModel.swift in Sources */,
				976A03332A15D9A200424ACF /* MainPhotosCollectionViewCell.swift in Sources */,
				97D669FA2A0C6C3600A25935 /* RootViewController.swift in Sources */,
				97D669F62A0C6C3600A25935 /* AppDelegate.swift in Sources */,
				976A03182A0E8B7700424ACF /* AllExhibitionTableViewCell.swift in Sources */,
				97D66A352A0CF13700A25935 /* CountdownTimer.swift in Sources */,
				97D66A312A0CD45F00A25935 /* SkipView.swift in Sources */,
				976A031E2A0E8CCC00424ACF /* CalendarViewController.swift in Sources */,
				97D66A372A0DD27900A25935 /* HabbyCollectionViewCell.swift in Sources */,
				976A03102A0E88B500424ACF /* MonthCollectionViewCell.swift in Sources */,
				97D66A282A0C724F00A25935 /* SplashView.swift in Sources */,
				97D669F82A0C6C3600A25935 /* SceneDelegate.swift in Sources */,
				976A03142A0E8B2200424ACF /* NewsTableViewCell.swift in Sources */,
				976A032A2A15C2D800424ACF /* HotDetailTableViewCell.swift in Sources */,
				976A031A2A0E8CAD00424ACF /* NearViewController.swift in Sources */,
				976A03262A15054300424ACF /* MonthTableViewCell.swift in Sources */,
				976A032C2A15CD1700424ACF /* HomeViewModel.swift in Sources */,
				976A03122A0E8AFA00424ACF /* HotHxhibitionTableViewCell.swift in Sources */,
				976A032F2A15CE3500424ACF /* Model.swift in Sources */,
				976A03202A0E8CE300424ACF /* PersonalFileViewController.swift in Sources */,
				976A03282A15055900424ACF /* HabbyTableViewCell.swift in Sources */,
				97D66A262A0C723800A25935 /* SplashViewController.swift in Sources */,
				976A03312A15D86800424ACF /* MainPhotosTableViewCell.swift in Sources */,
			);
			runOnlyForDeploymentPostprocessing = 0;
		};
		97D66A042A0C6C3800A25935 /* Sources */ = {
			isa = PBXSourcesBuildPhase;
			buildActionMask = 2147483647;
			files = (
				97D66A0D2A0C6C3800A25935 /* TaiwanArtionTests.swift in Sources */,
			);
			runOnlyForDeploymentPostprocessing = 0;
		};
		97D66A0E2A0C6C3800A25935 /* Sources */ = {
			isa = PBXSourcesBuildPhase;
			buildActionMask = 2147483647;
			files = (
				97D66A172A0C6C3800A25935 /* TaiwanArtionUITests.swift in Sources */,
				97D66A192A0C6C3800A25935 /* TaiwanArtionUITestsLaunchTests.swift in Sources */,
			);
			runOnlyForDeploymentPostprocessing = 0;
		};
/* End PBXSourcesBuildPhase section */

/* Begin PBXTargetDependency section */
		97D66A0A2A0C6C3800A25935 /* PBXTargetDependency */ = {
			isa = PBXTargetDependency;
			target = 97D669F12A0C6C3600A25935 /* TaiwanArtion */;
			targetProxy = 97D66A092A0C6C3800A25935 /* PBXContainerItemProxy */;
		};
		97D66A142A0C6C3800A25935 /* PBXTargetDependency */ = {
			isa = PBXTargetDependency;
			target = 97D669F12A0C6C3600A25935 /* TaiwanArtion */;
			targetProxy = 97D66A132A0C6C3800A25935 /* PBXContainerItemProxy */;
		};
/* End PBXTargetDependency section */

/* Begin PBXVariantGroup section */
		97D66A002A0C6C3700A25935 /* LaunchScreen.storyboard */ = {
			isa = PBXVariantGroup;
			children = (
				97D66A012A0C6C3700A25935 /* Base */,
			);
			name = LaunchScreen.storyboard;
			sourceTree = "<group>";
		};
/* End PBXVariantGroup section */

/* Begin XCBuildConfiguration section */
		97D66A1A2A0C6C3800A25935 /* Debug */ = {
			isa = XCBuildConfiguration;
			buildSettings = {
				ALWAYS_SEARCH_USER_PATHS = NO;
				CLANG_ANALYZER_NONNULL = YES;
				CLANG_ANALYZER_NUMBER_OBJECT_CONVERSION = YES_AGGRESSIVE;
				CLANG_CXX_LANGUAGE_STANDARD = "gnu++20";
				CLANG_ENABLE_MODULES = YES;
				CLANG_ENABLE_OBJC_ARC = YES;
				CLANG_ENABLE_OBJC_WEAK = YES;
				CLANG_WARN_BLOCK_CAPTURE_AUTORELEASING = YES;
				CLANG_WARN_BOOL_CONVERSION = YES;
				CLANG_WARN_COMMA = YES;
				CLANG_WARN_CONSTANT_CONVERSION = YES;
				CLANG_WARN_DEPRECATED_OBJC_IMPLEMENTATIONS = YES;
				CLANG_WARN_DIRECT_OBJC_ISA_USAGE = YES_ERROR;
				CLANG_WARN_DOCUMENTATION_COMMENTS = YES;
				CLANG_WARN_EMPTY_BODY = YES;
				CLANG_WARN_ENUM_CONVERSION = YES;
				CLANG_WARN_INFINITE_RECURSION = YES;
				CLANG_WARN_INT_CONVERSION = YES;
				CLANG_WARN_NON_LITERAL_NULL_CONVERSION = YES;
				CLANG_WARN_OBJC_IMPLICIT_RETAIN_SELF = YES;
				CLANG_WARN_OBJC_LITERAL_CONVERSION = YES;
				CLANG_WARN_OBJC_ROOT_CLASS = YES_ERROR;
				CLANG_WARN_QUOTED_INCLUDE_IN_FRAMEWORK_HEADER = YES;
				CLANG_WARN_RANGE_LOOP_ANALYSIS = YES;
				CLANG_WARN_STRICT_PROTOTYPES = YES;
				CLANG_WARN_SUSPICIOUS_MOVE = YES;
				CLANG_WARN_UNGUARDED_AVAILABILITY = YES_AGGRESSIVE;
				CLANG_WARN_UNREACHABLE_CODE = YES;
				CLANG_WARN__DUPLICATE_METHOD_MATCH = YES;
				COPY_PHASE_STRIP = NO;
				DEBUG_INFORMATION_FORMAT = dwarf;
				ENABLE_STRICT_OBJC_MSGSEND = YES;
				ENABLE_TESTABILITY = YES;
				GCC_C_LANGUAGE_STANDARD = gnu11;
				GCC_DYNAMIC_NO_PIC = NO;
				GCC_NO_COMMON_BLOCKS = YES;
				GCC_OPTIMIZATION_LEVEL = 0;
				GCC_PREPROCESSOR_DEFINITIONS = (
					"DEBUG=1",
					"$(inherited)",
				);
				GCC_WARN_64_TO_32_BIT_CONVERSION = YES;
				GCC_WARN_ABOUT_RETURN_TYPE = YES_ERROR;
				GCC_WARN_UNDECLARED_SELECTOR = YES;
				GCC_WARN_UNINITIALIZED_AUTOS = YES_AGGRESSIVE;
				GCC_WARN_UNUSED_FUNCTION = YES;
				GCC_WARN_UNUSED_VARIABLE = YES;
				IPHONEOS_DEPLOYMENT_TARGET = 16.2;
				MTL_ENABLE_DEBUG_INFO = INCLUDE_SOURCE;
				MTL_FAST_MATH = YES;
				ONLY_ACTIVE_ARCH = YES;
				SDKROOT = iphoneos;
				SWIFT_ACTIVE_COMPILATION_CONDITIONS = DEBUG;
				SWIFT_OPTIMIZATION_LEVEL = "-Onone";
			};
			name = Debug;
		};
		97D66A1B2A0C6C3800A25935 /* Release */ = {
			isa = XCBuildConfiguration;
			buildSettings = {
				ALWAYS_SEARCH_USER_PATHS = NO;
				CLANG_ANALYZER_NONNULL = YES;
				CLANG_ANALYZER_NUMBER_OBJECT_CONVERSION = YES_AGGRESSIVE;
				CLANG_CXX_LANGUAGE_STANDARD = "gnu++20";
				CLANG_ENABLE_MODULES = YES;
				CLANG_ENABLE_OBJC_ARC = YES;
				CLANG_ENABLE_OBJC_WEAK = YES;
				CLANG_WARN_BLOCK_CAPTURE_AUTORELEASING = YES;
				CLANG_WARN_BOOL_CONVERSION = YES;
				CLANG_WARN_COMMA = YES;
				CLANG_WARN_CONSTANT_CONVERSION = YES;
				CLANG_WARN_DEPRECATED_OBJC_IMPLEMENTATIONS = YES;
				CLANG_WARN_DIRECT_OBJC_ISA_USAGE = YES_ERROR;
				CLANG_WARN_DOCUMENTATION_COMMENTS = YES;
				CLANG_WARN_EMPTY_BODY = YES;
				CLANG_WARN_ENUM_CONVERSION = YES;
				CLANG_WARN_INFINITE_RECURSION = YES;
				CLANG_WARN_INT_CONVERSION = YES;
				CLANG_WARN_NON_LITERAL_NULL_CONVERSION = YES;
				CLANG_WARN_OBJC_IMPLICIT_RETAIN_SELF = YES;
				CLANG_WARN_OBJC_LITERAL_CONVERSION = YES;
				CLANG_WARN_OBJC_ROOT_CLASS = YES_ERROR;
				CLANG_WARN_QUOTED_INCLUDE_IN_FRAMEWORK_HEADER = YES;
				CLANG_WARN_RANGE_LOOP_ANALYSIS = YES;
				CLANG_WARN_STRICT_PROTOTYPES = YES;
				CLANG_WARN_SUSPICIOUS_MOVE = YES;
				CLANG_WARN_UNGUARDED_AVAILABILITY = YES_AGGRESSIVE;
				CLANG_WARN_UNREACHABLE_CODE = YES;
				CLANG_WARN__DUPLICATE_METHOD_MATCH = YES;
				COPY_PHASE_STRIP = NO;
				DEBUG_INFORMATION_FORMAT = "dwarf-with-dsym";
				ENABLE_NS_ASSERTIONS = NO;
				ENABLE_STRICT_OBJC_MSGSEND = YES;
				GCC_C_LANGUAGE_STANDARD = gnu11;
				GCC_NO_COMMON_BLOCKS = YES;
				GCC_WARN_64_TO_32_BIT_CONVERSION = YES;
				GCC_WARN_ABOUT_RETURN_TYPE = YES_ERROR;
				GCC_WARN_UNDECLARED_SELECTOR = YES;
				GCC_WARN_UNINITIALIZED_AUTOS = YES_AGGRESSIVE;
				GCC_WARN_UNUSED_FUNCTION = YES;
				GCC_WARN_UNUSED_VARIABLE = YES;
				IPHONEOS_DEPLOYMENT_TARGET = 16.2;
				MTL_ENABLE_DEBUG_INFO = NO;
				MTL_FAST_MATH = YES;
				SDKROOT = iphoneos;
				SWIFT_COMPILATION_MODE = wholemodule;
				SWIFT_OPTIMIZATION_LEVEL = "-O";
				VALIDATE_PRODUCT = YES;
			};
			name = Release;
		};
		97D66A1D2A0C6C3800A25935 /* Debug */ = {
			isa = XCBuildConfiguration;
			baseConfigurationReference = CB247D84AA40C78F18BC6E21 /* Pods-TaiwanArtion.debug.xcconfig */;
			buildSettings = {
				ASSETCATALOG_COMPILER_APPICON_NAME = AppIcon;
				ASSETCATALOG_COMPILER_GLOBAL_ACCENT_COLOR_NAME = AccentColor;
				CODE_SIGN_STYLE = Automatic;
				CURRENT_PROJECT_VERSION = 1;
				DEVELOPMENT_TEAM = QRA5DG5SAD;
				GENERATE_INFOPLIST_FILE = YES;
				INFOPLIST_FILE = TaiwanArtion/Info.plist;
				INFOPLIST_KEY_UIApplicationSupportsIndirectInputEvents = YES;
				INFOPLIST_KEY_UILaunchStoryboardName = LaunchScreen;
				INFOPLIST_KEY_UISupportedInterfaceOrientations_iPad = "UIInterfaceOrientationPortrait UIInterfaceOrientationPortraitUpsideDown UIInterfaceOrientationLandscapeLeft UIInterfaceOrientationLandscapeRight";
				INFOPLIST_KEY_UISupportedInterfaceOrientations_iPhone = "UIInterfaceOrientationPortrait UIInterfaceOrientationLandscapeLeft UIInterfaceOrientationLandscapeRight";
				LD_RUNPATH_SEARCH_PATHS = (
					"$(inherited)",
					"@executable_path/Frameworks",
				);
				MARKETING_VERSION = 1.0;
				PRODUCT_BUNDLE_IDENTIFIER = com.mj.TaiwanArtion;
				PRODUCT_NAME = "$(TARGET_NAME)";
				SWIFT_EMIT_LOC_STRINGS = YES;
				SWIFT_VERSION = 5.0;
				TARGETED_DEVICE_FAMILY = "1,2";
			};
			name = Debug;
		};
		97D66A1E2A0C6C3800A25935 /* Release */ = {
			isa = XCBuildConfiguration;
			baseConfigurationReference = C08E8E419B4D485FD3769595 /* Pods-TaiwanArtion.release.xcconfig */;
			buildSettings = {
				ASSETCATALOG_COMPILER_APPICON_NAME = AppIcon;
				ASSETCATALOG_COMPILER_GLOBAL_ACCENT_COLOR_NAME = AccentColor;
				CODE_SIGN_STYLE = Automatic;
				CURRENT_PROJECT_VERSION = 1;
				DEVELOPMENT_TEAM = QRA5DG5SAD;
				GENERATE_INFOPLIST_FILE = YES;
				INFOPLIST_FILE = TaiwanArtion/Info.plist;
				INFOPLIST_KEY_UIApplicationSupportsIndirectInputEvents = YES;
				INFOPLIST_KEY_UILaunchStoryboardName = LaunchScreen;
				INFOPLIST_KEY_UISupportedInterfaceOrientations_iPad = "UIInterfaceOrientationPortrait UIInterfaceOrientationPortraitUpsideDown UIInterfaceOrientationLandscapeLeft UIInterfaceOrientationLandscapeRight";
				INFOPLIST_KEY_UISupportedInterfaceOrientations_iPhone = "UIInterfaceOrientationPortrait UIInterfaceOrientationLandscapeLeft UIInterfaceOrientationLandscapeRight";
				LD_RUNPATH_SEARCH_PATHS = (
					"$(inherited)",
					"@executable_path/Frameworks",
				);
				MARKETING_VERSION = 1.0;
				PRODUCT_BUNDLE_IDENTIFIER = com.mj.TaiwanArtion;
				PRODUCT_NAME = "$(TARGET_NAME)";
				SWIFT_EMIT_LOC_STRINGS = YES;
				SWIFT_VERSION = 5.0;
				TARGETED_DEVICE_FAMILY = "1,2";
			};
			name = Release;
		};
		97D66A202A0C6C3800A25935 /* Debug */ = {
			isa = XCBuildConfiguration;
			baseConfigurationReference = 14682FC619A78F88E1CEEC95 /* Pods-TaiwanArtionTests.debug.xcconfig */;
			buildSettings = {
				ALWAYS_EMBED_SWIFT_STANDARD_LIBRARIES = YES;
				BUNDLE_LOADER = "$(TEST_HOST)";
				CODE_SIGN_STYLE = Automatic;
				CURRENT_PROJECT_VERSION = 1;
				DEVELOPMENT_TEAM = QRA5DG5SAD;
				GENERATE_INFOPLIST_FILE = YES;
				IPHONEOS_DEPLOYMENT_TARGET = 16.2;
				MARKETING_VERSION = 1.0;
				PRODUCT_BUNDLE_IDENTIFIER = com.mj.TaiwanArtionTests;
				PRODUCT_NAME = "$(TARGET_NAME)";
				SWIFT_EMIT_LOC_STRINGS = NO;
				SWIFT_VERSION = 5.0;
				TARGETED_DEVICE_FAMILY = "1,2";
				TEST_HOST = "$(BUILT_PRODUCTS_DIR)/TaiwanArtion.app/$(BUNDLE_EXECUTABLE_FOLDER_PATH)/TaiwanArtion";
			};
			name = Debug;
		};
		97D66A212A0C6C3800A25935 /* Release */ = {
			isa = XCBuildConfiguration;
			baseConfigurationReference = 32DB8B2332C019BA38D5F558 /* Pods-TaiwanArtionTests.release.xcconfig */;
			buildSettings = {
				ALWAYS_EMBED_SWIFT_STANDARD_LIBRARIES = YES;
				BUNDLE_LOADER = "$(TEST_HOST)";
				CODE_SIGN_STYLE = Automatic;
				CURRENT_PROJECT_VERSION = 1;
				DEVELOPMENT_TEAM = QRA5DG5SAD;
				GENERATE_INFOPLIST_FILE = YES;
				IPHONEOS_DEPLOYMENT_TARGET = 16.2;
				MARKETING_VERSION = 1.0;
				PRODUCT_BUNDLE_IDENTIFIER = com.mj.TaiwanArtionTests;
				PRODUCT_NAME = "$(TARGET_NAME)";
				SWIFT_EMIT_LOC_STRINGS = NO;
				SWIFT_VERSION = 5.0;
				TARGETED_DEVICE_FAMILY = "1,2";
				TEST_HOST = "$(BUILT_PRODUCTS_DIR)/TaiwanArtion.app/$(BUNDLE_EXECUTABLE_FOLDER_PATH)/TaiwanArtion";
			};
			name = Release;
		};
		97D66A232A0C6C3800A25935 /* Debug */ = {
			isa = XCBuildConfiguration;
			baseConfigurationReference = 6CDA925BDC580285C3F0BA4C /* Pods-TaiwanArtion-TaiwanArtionUITests.debug.xcconfig */;
			buildSettings = {
				ALWAYS_EMBED_SWIFT_STANDARD_LIBRARIES = YES;
				CODE_SIGN_STYLE = Automatic;
				CURRENT_PROJECT_VERSION = 1;
				DEVELOPMENT_TEAM = QRA5DG5SAD;
				GENERATE_INFOPLIST_FILE = YES;
				MARKETING_VERSION = 1.0;
				PRODUCT_BUNDLE_IDENTIFIER = com.mj.TaiwanArtionUITests;
				PRODUCT_NAME = "$(TARGET_NAME)";
				SWIFT_EMIT_LOC_STRINGS = NO;
				SWIFT_VERSION = 5.0;
				TARGETED_DEVICE_FAMILY = "1,2";
				TEST_TARGET_NAME = TaiwanArtion;
			};
			name = Debug;
		};
		97D66A242A0C6C3800A25935 /* Release */ = {
			isa = XCBuildConfiguration;
			baseConfigurationReference = C44A9F25A18373C8BF9B8EA9 /* Pods-TaiwanArtion-TaiwanArtionUITests.release.xcconfig */;
			buildSettings = {
				ALWAYS_EMBED_SWIFT_STANDARD_LIBRARIES = YES;
				CODE_SIGN_STYLE = Automatic;
				CURRENT_PROJECT_VERSION = 1;
				DEVELOPMENT_TEAM = QRA5DG5SAD;
				GENERATE_INFOPLIST_FILE = YES;
				MARKETING_VERSION = 1.0;
				PRODUCT_BUNDLE_IDENTIFIER = com.mj.TaiwanArtionUITests;
				PRODUCT_NAME = "$(TARGET_NAME)";
				SWIFT_EMIT_LOC_STRINGS = NO;
				SWIFT_VERSION = 5.0;
				TARGETED_DEVICE_FAMILY = "1,2";
				TEST_TARGET_NAME = TaiwanArtion;
			};
			name = Release;
		};
/* End XCBuildConfiguration section */

/* Begin XCConfigurationList section */
		97D669ED2A0C6C3600A25935 /* Build configuration list for PBXProject "TaiwanArtion" */ = {
			isa = XCConfigurationList;
			buildConfigurations = (
				97D66A1A2A0C6C3800A25935 /* Debug */,
				97D66A1B2A0C6C3800A25935 /* Release */,
			);
			defaultConfigurationIsVisible = 0;
			defaultConfigurationName = Release;
		};
		97D66A1C2A0C6C3800A25935 /* Build configuration list for PBXNativeTarget "TaiwanArtion" */ = {
			isa = XCConfigurationList;
			buildConfigurations = (
				97D66A1D2A0C6C3800A25935 /* Debug */,
				97D66A1E2A0C6C3800A25935 /* Release */,
			);
			defaultConfigurationIsVisible = 0;
			defaultConfigurationName = Release;
		};
		97D66A1F2A0C6C3800A25935 /* Build configuration list for PBXNativeTarget "TaiwanArtionTests" */ = {
			isa = XCConfigurationList;
			buildConfigurations = (
				97D66A202A0C6C3800A25935 /* Debug */,
				97D66A212A0C6C3800A25935 /* Release */,
			);
			defaultConfigurationIsVisible = 0;
			defaultConfigurationName = Release;
		};
		97D66A222A0C6C3800A25935 /* Build configuration list for PBXNativeTarget "TaiwanArtionUITests" */ = {
			isa = XCConfigurationList;
			buildConfigurations = (
				97D66A232A0C6C3800A25935 /* Debug */,
				97D66A242A0C6C3800A25935 /* Release */,
			);
			defaultConfigurationIsVisible = 0;
			defaultConfigurationName = Release;
		};
/* End XCConfigurationList section */
	};
	rootObject = 97D669EA2A0C6C3600A25935 /* Project object */;
}
